// !$*UTF8*$!
{
	archiveVersion = 1;
	classes = {
	};
	objectVersion = 56;
	objects = {

/* Begin PBXBuildFile section */
		A21A40EE2C86686A00F7DD4E /* FipeApp.swift in Sources */ = {isa = PBXBuildFile; fileRef = A21A40ED2C86686A00F7DD4E /* FipeApp.swift */; };
		A21A40F02C86686A00F7DD4E /* ContentView.swift in Sources */ = {isa = PBXBuildFile; fileRef = A21A40EF2C86686A00F7DD4E /* ContentView.swift */; };
		A21A40F22C86686B00F7DD4E /* Assets.xcassets in Resources */ = {isa = PBXBuildFile; fileRef = A21A40F12C86686B00F7DD4E /* Assets.xcassets */; };
		A21A40F52C86686B00F7DD4E /* Preview Assets.xcassets in Resources */ = {isa = PBXBuildFile; fileRef = A21A40F42C86686B00F7DD4E /* Preview Assets.xcassets */; };
		A21A40FC2C86688100F7DD4E /* Item.swift in Sources */ = {isa = PBXBuildFile; fileRef = A21A40FB2C86688100F7DD4E /* Item.swift */; };
		A21A41042C866D5B00F7DD4E /* RealmSwift in Frameworks */ = {isa = PBXBuildFile; productRef = A21A41032C866D5B00F7DD4E /* RealmSwift */; };
		A21A41062C875D2400F7DD4E /* RegularRegisterView.swift in Sources */ = {isa = PBXBuildFile; fileRef = A21A41052C875D2400F7DD4E /* RegularRegisterView.swift */; };
		A21A41092C875FEC00F7DD4E /* ManageTeachersView.swift in Sources */ = {isa = PBXBuildFile; fileRef = A21A41082C875FEC00F7DD4E /* ManageTeachersView.swift */; };
		A224B2522C89551C00AB33A8 /* ItemData.swift in Sources */ = {isa = PBXBuildFile; fileRef = A224B2512C89551C00AB33A8 /* ItemData.swift */; };
		A22D38462C8A14A900C5F51C /* CardsView.swift in Sources */ = {isa = PBXBuildFile; fileRef = A22D38452C8A14A900C5F51C /* CardsView.swift */; };
/* End PBXBuildFile section */

/* Begin PBXFileReference section */
		A21A40EA2C86686A00F7DD4E /* Fipe.app */ = {isa = PBXFileReference; explicitFileType = wrapper.application; includeInIndex = 0; path = Fipe.app; sourceTree = BUILT_PRODUCTS_DIR; };
		A21A40ED2C86686A00F7DD4E /* FipeApp.swift */ = {isa = PBXFileReference; lastKnownFileType = sourcecode.swift; path = FipeApp.swift; sourceTree = "<group>"; };
		A21A40EF2C86686A00F7DD4E /* ContentView.swift */ = {isa = PBXFileReference; lastKnownFileType = sourcecode.swift; path = ContentView.swift; sourceTree = "<group>"; };
		A21A40F12C86686B00F7DD4E /* Assets.xcassets */ = {isa = PBXFileReference; lastKnownFileType = folder.assetcatalog; path = Assets.xcassets; sourceTree = "<group>"; };
		A21A40F42C86686B00F7DD4E /* Preview Assets.xcassets */ = {isa = PBXFileReference; lastKnownFileType = folder.assetcatalog; path = "Preview Assets.xcassets"; sourceTree = "<group>"; };
		A21A40FB2C86688100F7DD4E /* Item.swift */ = {isa = PBXFileReference; lastKnownFileType = sourcecode.swift; path = Item.swift; sourceTree = "<group>"; };
		A21A41052C875D2400F7DD4E /* RegularRegisterView.swift */ = {isa = PBXFileReference; lastKnownFileType = sourcecode.swift; path = RegularRegisterView.swift; sourceTree = "<group>"; };
		A21A41082C875FEC00F7DD4E /* ManageTeachersView.swift */ = {isa = PBXFileReference; lastKnownFileType = sourcecode.swift; path = ManageTeachersView.swift; sourceTree = "<group>"; };
		A224B2512C89551C00AB33A8 /* ItemData.swift */ = {isa = PBXFileReference; lastKnownFileType = sourcecode.swift; path = ItemData.swift; sourceTree = "<group>"; };
		A22D38452C8A14A900C5F51C /* CardsView.swift */ = {isa = PBXFileReference; lastKnownFileType = sourcecode.swift; path = CardsView.swift; sourceTree = "<group>"; };
/* End PBXFileReference section */

/* Begin PBXFrameworksBuildPhase section */
		A21A40E72C86686A00F7DD4E /* Frameworks */ = {
			isa = PBXFrameworksBuildPhase;
			buildActionMask = 2147483647;
			files = (
				A21A41042C866D5B00F7DD4E /* RealmSwift in Frameworks */,
			);
			runOnlyForDeploymentPostprocessing = 0;
		};
/* End PBXFrameworksBuildPhase section */

/* Begin PBXGroup section */
		A21A40E12C86686A00F7DD4E = {
			isa = PBXGroup;
			children = (
				A21A40EC2C86686A00F7DD4E /* Fipe */,
				A21A40EB2C86686A00F7DD4E /* Products */,
			);
			sourceTree = "<group>";
		};
		A21A40EB2C86686A00F7DD4E /* Products */ = {
			isa = PBXGroup;
			children = (
				A21A40EA2C86686A00F7DD4E /* Fipe.app */,
			);
			name = Products;
			sourceTree = "<group>";
		};
		A21A40EC2C86686A00F7DD4E /* Fipe */ = {
			isa = PBXGroup;
			children = (
				A21A41072C875F5100F7DD4E /* Forms */,
				A21A40ED2C86686A00F7DD4E /* FipeApp.swift */,
				A22D38452C8A14A900C5F51C /* CardsView.swift */,
				A21A40EF2C86686A00F7DD4E /* ContentView.swift */,
				A22D38442C89EDE800C5F51C /* DataManagement */,
				A21A40F12C86686B00F7DD4E /* Assets.xcassets */,
				A21A40F32C86686B00F7DD4E /* Preview Content */,
			);
			path = Fipe;
			sourceTree = "<group>";
		};
		A21A40F32C86686B00F7DD4E /* Preview Content */ = {
			isa = PBXGroup;
			children = (
				A21A40F42C86686B00F7DD4E /* Preview Assets.xcassets */,
			);
			path = "Preview Content";
			sourceTree = "<group>";
		};
		A21A41072C875F5100F7DD4E /* Forms */ = {
			isa = PBXGroup;
			children = (
				A21A41052C875D2400F7DD4E /* RegularRegisterView.swift */,
				A21A41082C875FEC00F7DD4E /* ManageTeachersView.swift */,
			);
			path = Forms;
			sourceTree = "<group>";
		};
		A22D38442C89EDE800C5F51C /* DataManagement */ = {
			isa = PBXGroup;
			children = (
				A224B2512C89551C00AB33A8 /* ItemData.swift */,
				A21A40FB2C86688100F7DD4E /* Item.swift */,
			);
			path = DataManagement;
			sourceTree = "<group>";
		};
/* End PBXGroup section */

/* Begin PBXNativeTarget section */
		A21A40E92C86686A00F7DD4E /* Fipe */ = {
			isa = PBXNativeTarget;
			buildConfigurationList = A21A40F82C86686B00F7DD4E /* Build configuration list for PBXNativeTarget "Fipe" */;
			buildPhases = (
				A21A40E62C86686A00F7DD4E /* Sources */,
				A21A40E72C86686A00F7DD4E /* Frameworks */,
				A21A40E82C86686A00F7DD4E /* Resources */,
			);
			buildRules = (
			);
			dependencies = (
			);
			name = Fipe;
			packageProductDependencies = (
				A21A41032C866D5B00F7DD4E /* RealmSwift */,
			);
			productName = Fipe;
			productReference = A21A40EA2C86686A00F7DD4E /* Fipe.app */;
			productType = "com.apple.product-type.application";
		};
/* End PBXNativeTarget section */

/* Begin PBXProject section */
		A21A40E22C86686A00F7DD4E /* Project object */ = {
			isa = PBXProject;
			attributes = {
				BuildIndependentTargetsInParallel = 1;
				LastSwiftUpdateCheck = 1540;
				LastUpgradeCheck = 1540;
				TargetAttributes = {
					A21A40E92C86686A00F7DD4E = {
						CreatedOnToolsVersion = 15.4;
					};
				};
			};
			buildConfigurationList = A21A40E52C86686A00F7DD4E /* Build configuration list for PBXProject "Fipe" */;
			compatibilityVersion = "Xcode 14.0";
			developmentRegion = en;
			hasScannedForEncodings = 0;
			knownRegions = (
				en,
				Base,
			);
			mainGroup = A21A40E12C86686A00F7DD4E;
			packageReferences = (
				A21A41022C866D5B00F7DD4E /* XCRemoteSwiftPackageReference "realm-swift" */,
			);
			productRefGroup = A21A40EB2C86686A00F7DD4E /* Products */;
			projectDirPath = "";
			projectRoot = "";
			targets = (
				A21A40E92C86686A00F7DD4E /* Fipe */,
			);
		};
/* End PBXProject section */

/* Begin PBXResourcesBuildPhase section */
		A21A40E82C86686A00F7DD4E /* Resources */ = {
			isa = PBXResourcesBuildPhase;
			buildActionMask = 2147483647;
			files = (
				A21A40F52C86686B00F7DD4E /* Preview Assets.xcassets in Resources */,
				A21A40F22C86686B00F7DD4E /* Assets.xcassets in Resources */,
			);
			runOnlyForDeploymentPostprocessing = 0;
		};
/* End PBXResourcesBuildPhase section */

/* Begin PBXSourcesBuildPhase section */
		A21A40E62C86686A00F7DD4E /* Sources */ = {
			isa = PBXSourcesBuildPhase;
			buildActionMask = 2147483647;
			files = (
				A22D38462C8A14A900C5F51C /* CardsView.swift in Sources */,
				A224B2522C89551C00AB33A8 /* ItemData.swift in Sources */,
				A21A41062C875D2400F7DD4E /* RegularRegisterView.swift in Sources */,
				A21A41092C875FEC00F7DD4E /* ManageTeachersView.swift in Sources */,
				A21A40FC2C86688100F7DD4E /* Item.swift in Sources */,
				A21A40F02C86686A00F7DD4E /* ContentView.swift in Sources */,
				A21A40EE2C86686A00F7DD4E /* FipeApp.swift in Sources */,
			);
			runOnlyForDeploymentPostprocessing = 0;
		};
/* End PBXSourcesBuildPhase section */

/* Begin XCBuildConfiguration section */
		A21A40F62C86686B00F7DD4E /* Debug */ = {
			isa = XCBuildConfiguration;
			buildSettings = {
				ALWAYS_SEARCH_USER_PATHS = NO;
				ASSETCATALOG_COMPILER_GENERATE_SWIFT_ASSET_SYMBOL_EXTENSIONS = YES;
				CLANG_ANALYZER_NONNULL = YES;
				CLANG_ANALYZER_NUMBER_OBJECT_CONVERSION = YES_AGGRESSIVE;
				CLANG_CXX_LANGUAGE_STANDARD = "gnu++20";
				CLANG_ENABLE_MODULES = YES;
				CLANG_ENABLE_OBJC_ARC = YES;
				CLANG_ENABLE_OBJC_WEAK = YES;
				CLANG_WARN_BLOCK_CAPTURE_AUTORELEASING = YES;
				CLANG_WARN_BOOL_CONVERSION = YES;
				CLANG_WARN_COMMA = YES;
				CLANG_WARN_CONSTANT_CONVERSION = YES;
				CLANG_WARN_DEPRECATED_OBJC_IMPLEMENTATIONS = YES;
				CLANG_WARN_DIRECT_OBJC_ISA_USAGE = YES_ERROR;
				CLANG_WARN_DOCUMENTATION_COMMENTS = YES;
				CLANG_WARN_EMPTY_BODY = YES;
				CLANG_WARN_ENUM_CONVERSION = YES;
				CLANG_WARN_INFINITE_RECURSION = YES;
				CLANG_WARN_INT_CONVERSION = YES;
				CLANG_WARN_NON_LITERAL_NULL_CONVERSION = YES;
				CLANG_WARN_OBJC_IMPLICIT_RETAIN_SELF = YES;
				CLANG_WARN_OBJC_LITERAL_CONVERSION = YES;
				CLANG_WARN_OBJC_ROOT_CLASS = YES_ERROR;
				CLANG_WARN_QUOTED_INCLUDE_IN_FRAMEWORK_HEADER = YES;
				CLANG_WARN_RANGE_LOOP_ANALYSIS = YES;
				CLANG_WARN_STRICT_PROTOTYPES = YES;
				CLANG_WARN_SUSPICIOUS_MOVE = YES;
				CLANG_WARN_UNGUARDED_AVAILABILITY = YES_AGGRESSIVE;
				CLANG_WARN_UNREACHABLE_CODE = YES;
				CLANG_WARN__DUPLICATE_METHOD_MATCH = YES;
				COPY_PHASE_STRIP = NO;
				DEBUG_INFORMATION_FORMAT = dwarf;
				ENABLE_STRICT_OBJC_MSGSEND = YES;
				ENABLE_TESTABILITY = YES;
				ENABLE_USER_SCRIPT_SANDBOXING = YES;
				GCC_C_LANGUAGE_STANDARD = gnu17;
				GCC_DYNAMIC_NO_PIC = NO;
				GCC_NO_COMMON_BLOCKS = YES;
				GCC_OPTIMIZATION_LEVEL = 0;
				GCC_PREPROCESSOR_DEFINITIONS = (
					"DEBUG=1",
					"$(inherited)",
				);
				GCC_WARN_64_TO_32_BIT_CONVERSION = YES;
				GCC_WARN_ABOUT_RETURN_TYPE = YES_ERROR;
				GCC_WARN_UNDECLARED_SELECTOR = YES;
				GCC_WARN_UNINITIALIZED_AUTOS = YES_AGGRESSIVE;
				GCC_WARN_UNUSED_FUNCTION = YES;
				GCC_WARN_UNUSED_VARIABLE = YES;
				IPHONEOS_DEPLOYMENT_TARGET = 17.0;
				LOCALIZATION_PREFERS_STRING_CATALOGS = YES;
				MTL_ENABLE_DEBUG_INFO = INCLUDE_SOURCE;
				MTL_FAST_MATH = YES;
				ONLY_ACTIVE_ARCH = YES;
				SDKROOT = iphoneos;
				SWIFT_ACTIVE_COMPILATION_CONDITIONS = "DEBUG $(inherited)";
				SWIFT_OPTIMIZATION_LEVEL = "-Onone";
			};
			name = Debug;
		};
		A21A40F72C86686B00F7DD4E /* Release */ = {
			isa = XCBuildConfiguration;
			buildSettings = {
				ALWAYS_SEARCH_USER_PATHS = NO;
				ASSETCATALOG_COMPILER_GENERATE_SWIFT_ASSET_SYMBOL_EXTENSIONS = YES;
				CLANG_ANALYZER_NONNULL = YES;
				CLANG_ANALYZER_NUMBER_OBJECT_CONVERSION = YES_AGGRESSIVE;
				CLANG_CXX_LANGUAGE_STANDARD = "gnu++20";
				CLANG_ENABLE_MODULES = YES;
				CLANG_ENABLE_OBJC_ARC = YES;
				CLANG_ENABLE_OBJC_WEAK = YES;
				CLANG_WARN_BLOCK_CAPTURE_AUTORELEASING = YES;
				CLANG_WARN_BOOL_CONVERSION = YES;
				CLANG_WARN_COMMA = YES;
				CLANG_WARN_CONSTANT_CONVERSION = YES;
				CLANG_WARN_DEPRECATED_OBJC_IMPLEMENTATIONS = YES;
				CLANG_WARN_DIRECT_OBJC_ISA_USAGE = YES_ERROR;
				CLANG_WARN_DOCUMENTATION_COMMENTS = YES;
				CLANG_WARN_EMPTY_BODY = YES;
				CLANG_WARN_ENUM_CONVERSION = YES;
				CLANG_WARN_INFINITE_RECURSION = YES;
				CLANG_WARN_INT_CONVERSION = YES;
				CLANG_WARN_NON_LITERAL_NULL_CONVERSION = YES;
				CLANG_WARN_OBJC_IMPLICIT_RETAIN_SELF = YES;
				CLANG_WARN_OBJC_LITERAL_CONVERSION = YES;
				CLANG_WARN_OBJC_ROOT_CLASS = YES_ERROR;
				CLANG_WARN_QUOTED_INCLUDE_IN_FRAMEWORK_HEADER = YES;
				CLANG_WARN_RANGE_LOOP_ANALYSIS = YES;
				CLANG_WARN_STRICT_PROTOTYPES = YES;
				CLANG_WARN_SUSPICIOUS_MOVE = YES;
				CLANG_WARN_UNGUARDED_AVAILABILITY = YES_AGGRESSIVE;
				CLANG_WARN_UNREACHABLE_CODE = YES;
				CLANG_WARN__DUPLICATE_METHOD_MATCH = YES;
				COPY_PHASE_STRIP = NO;
				DEBUG_INFORMATION_FORMAT = "dwarf-with-dsym";
				ENABLE_NS_ASSERTIONS = NO;
				ENABLE_STRICT_OBJC_MSGSEND = YES;
				ENABLE_USER_SCRIPT_SANDBOXING = YES;
				GCC_C_LANGUAGE_STANDARD = gnu17;
				GCC_NO_COMMON_BLOCKS = YES;
				GCC_WARN_64_TO_32_BIT_CONVERSION = YES;
				GCC_WARN_ABOUT_RETURN_TYPE = YES_ERROR;
				GCC_WARN_UNDECLARED_SELECTOR = YES;
				GCC_WARN_UNINITIALIZED_AUTOS = YES_AGGRESSIVE;
				GCC_WARN_UNUSED_FUNCTION = YES;
				GCC_WARN_UNUSED_VARIABLE = YES;
				IPHONEOS_DEPLOYMENT_TARGET = 17.0;
				LOCALIZATION_PREFERS_STRING_CATALOGS = YES;
				MTL_ENABLE_DEBUG_INFO = NO;
				MTL_FAST_MATH = YES;
				SDKROOT = iphoneos;
				SWIFT_COMPILATION_MODE = wholemodule;
				VALIDATE_PRODUCT = YES;
			};
			name = Release;
		};
		A21A40F92C86686B00F7DD4E /* Debug */ = {
			isa = XCBuildConfiguration;
			buildSettings = {
				ASSETCATALOG_COMPILER_APPICON_NAME = AppIcon;
				ASSETCATALOG_COMPILER_GLOBAL_ACCENT_COLOR_NAME = AccentColor;
				CODE_SIGN_STYLE = Automatic;
				CURRENT_PROJECT_VERSION = 1;
				DEVELOPMENT_ASSET_PATHS = "\"Fipe/Preview Content\"";
				DEVELOPMENT_TEAM = 9UX79BP8JN;
				ENABLE_PREVIEWS = YES;
				GENERATE_INFOPLIST_FILE = YES;
				INFOPLIST_KEY_UIApplicationSceneManifest_Generation = YES;
				INFOPLIST_KEY_UIApplicationSupportsIndirectInputEvents = YES;
				INFOPLIST_KEY_UILaunchScreen_Generation = YES;
				INFOPLIST_KEY_UISupportedInterfaceOrientations = UIInterfaceOrientationPortrait;
				IPHONEOS_DEPLOYMENT_TARGET = 16.0;
				LD_RUNPATH_SEARCH_PATHS = (
					"$(inherited)",
					"@executable_path/Frameworks",
				);
				MARKETING_VERSION = 1.0;
				PRODUCT_BUNDLE_IDENTIFIER = mattech.Fipe;
				PRODUCT_NAME = "$(TARGET_NAME)";
				SWIFT_EMIT_LOC_STRINGS = YES;
				SWIFT_VERSION = 5.0;
				TARGETED_DEVICE_FAMILY = "1,2";
			};
			name = Debug;
		};
		A21A40FA2C86686B00F7DD4E /* Release */ = {
			isa = XCBuildConfiguration;
			buildSettings = {
				ASSETCATALOG_COMPILER_APPICON_NAME = AppIcon;
				ASSETCATALOG_COMPILER_GLOBAL_ACCENT_COLOR_NAME = AccentColor;
				CODE_SIGN_STYLE = Automatic;
				CURRENT_PROJECT_VERSION = 1;
				DEVELOPMENT_ASSET_PATHS = "\"Fipe/Preview Content\"";
				DEVELOPMENT_TEAM = 9UX79BP8JN;
				ENABLE_PREVIEWS = YES;
				GENERATE_INFOPLIST_FILE = YES;
				INFOPLIST_KEY_UIApplicationSceneManifest_Generation = YES;
				INFOPLIST_KEY_UIApplicationSupportsIndirectInputEvents = YES;
				INFOPLIST_KEY_UILaunchScreen_Generation = YES;
				INFOPLIST_KEY_UISupportedInterfaceOrientations = UIInterfaceOrientationPortrait;
				IPHONEOS_DEPLOYMENT_TARGET = 16.0;
				LD_RUNPATH_SEARCH_PATHS = (
					"$(inherited)",
					"@executable_path/Frameworks",
				);
				MARKETING_VERSION = 1.0;
				PRODUCT_BUNDLE_IDENTIFIER = mattech.Fipe;
				PRODUCT_NAME = "$(TARGET_NAME)";
				SWIFT_EMIT_LOC_STRINGS = YES;
				SWIFT_VERSION = 5.0;
				TARGETED_DEVICE_FAMILY = "1,2";
			};
			name = Release;
		};
/* End XCBuildConfiguration section */

/* Begin XCConfigurationList section */
		A21A40E52C86686A00F7DD4E /* Build configuration list for PBXProject "Fipe" */ = {
			isa = XCConfigurationList;
			buildConfigurations = (
				A21A40F62C86686B00F7DD4E /* Debug */,
				A21A40F72C86686B00F7DD4E /* Release */,
			);
			defaultConfigurationIsVisible = 0;
			defaultConfigurationName = Release;
		};
		A21A40F82C86686B00F7DD4E /* Build configuration list for PBXNativeTarget "Fipe" */ = {
			isa = XCConfigurationList;
			buildConfigurations = (
				A21A40F92C86686B00F7DD4E /* Debug */,
				A21A40FA2C86686B00F7DD4E /* Release */,
			);
			defaultConfigurationIsVisible = 0;
			defaultConfigurationName = Release;
		};
/* End XCConfigurationList section */

/* Begin XCRemoteSwiftPackageReference section */
		A21A41022C866D5B00F7DD4E /* XCRemoteSwiftPackageReference "realm-swift" */ = {
			isa = XCRemoteSwiftPackageReference;
			repositoryURL = "https://github.com/realm/realm-swift.git";
			requirement = {
				kind = upToNextMajorVersion;
				minimumVersion = 10.53.0;
			};
		};
/* End XCRemoteSwiftPackageReference section */

/* Begin XCSwiftPackageProductDependency section */
		A21A41032C866D5B00F7DD4E /* RealmSwift */ = {
			isa = XCSwiftPackageProductDependency;
			package = A21A41022C866D5B00F7DD4E /* XCRemoteSwiftPackageReference "realm-swift" */;
			productName = RealmSwift;
		};
/* End XCSwiftPackageProductDependency section */
	};
	rootObject = A21A40E22C86686A00F7DD4E /* Project object */;
}
